{
  "version": 4,
  "terraform_version": "1.5.7",
  "serial": 26,
  "lineage": "45dc7f93-f994-f881-837c-9e855173f9f1",
  "outputs": {},
  "resources": [
    {
      "mode": "managed",
      "type": "azurerm_resource_group",
      "name": "appgrp",
      "provider": "provider[\"registry.terraform.io/hashicorp/azurerm\"]",
      "instances": [
        {
          "schema_version": 0,
          "attributes": {
            "id": "/subscriptions/95aeef37-ead5-454b-bced-99ef36960eee/resourceGroups/app-grp",
            "location": "northeurope",
            "name": "app-grp",
            "tags": {},
            "timeouts": null
          },
          "sensitive_attributes": [],
          "private": "eyJlMmJmYjczMC1lY2FhLTExZTYtOGY4OC0zNDM2M2JjN2M0YzAiOnsiY3JlYXRlIjo1NDAwMDAwMDAwMDAwLCJkZWxldGUiOjU0MDAwMDAwMDAwMDAsInJlYWQiOjMwMDAwMDAwMDAwMCwidXBkYXRlIjo1NDAwMDAwMDAwMDAwfX0="
        }
      ]
    },
    {
      "mode": "managed",
      "type": "azurerm_storage_account",
      "name": "appstoragezukeras",
      "provider": "provider[\"registry.terraform.io/hashicorp/azurerm\"]",
      "instances": [
        {
          "schema_version": 3,
          "attributes": {
            "access_tier": "Hot",
            "account_kind": "StorageV2",
            "account_replication_type": "LRS",
            "account_tier": "Standard",
            "allow_nested_items_to_be_public": true,
            "azure_files_authentication": [],
            "blob_properties": [
              {
                "change_feed_enabled": false,
                "container_delete_retention_policy": [],
                "cors_rule": [],
                "default_service_version": "",
                "delete_retention_policy": [],
                "last_access_time_enabled": false,
                "versioning_enabled": false
              }
            ],
            "cross_tenant_replication_enabled": true,
            "custom_domain": [],
            "customer_managed_key": [],
            "edge_zone": "",
            "enable_https_traffic_only": true,
            "id": "/subscriptions/95aeef37-ead5-454b-bced-99ef36960eee/resourceGroups/app-grp/providers/Microsoft.Storage/storageAccounts/appstoragezukeras",
            "identity": [],
            "infrastructure_encryption_enabled": false,
            "is_hns_enabled": false,
            "large_file_share_enabled": null,
            "location": "northeurope",
            "min_tls_version": "TLS1_2",
            "name": "appstoragezukeras",
            "network_rules": [
              {
                "bypass": [
                  "AzureServices"
                ],
                "default_action": "Allow",
                "ip_rules": [],
                "private_link_access": [],
                "virtual_network_subnet_ids": []
              }
            ],
            "nfsv3_enabled": false,
            "primary_access_key": "wrGyB0ioOXOnfa0g2YJxXiOloCWWxwPjb4xRNBVvUnB8E5WFYsTmh0DlWghz3t7T/JSyG9ZwO9D4+AStRVrRXw==",
            "primary_blob_connection_string": "DefaultEndpointsProtocol=https;BlobEndpoint=https://appstoragezukeras.blob.core.windows.net/;AccountName=appstoragezukeras;AccountKey=wrGyB0ioOXOnfa0g2YJxXiOloCWWxwPjb4xRNBVvUnB8E5WFYsTmh0DlWghz3t7T/JSyG9ZwO9D4+AStRVrRXw==",
            "primary_blob_endpoint": "https://appstoragezukeras.blob.core.windows.net/",
            "primary_blob_host": "appstoragezukeras.blob.core.windows.net",
            "primary_connection_string": "DefaultEndpointsProtocol=https;AccountName=appstoragezukeras;AccountKey=wrGyB0ioOXOnfa0g2YJxXiOloCWWxwPjb4xRNBVvUnB8E5WFYsTmh0DlWghz3t7T/JSyG9ZwO9D4+AStRVrRXw==;EndpointSuffix=core.windows.net",
            "primary_dfs_endpoint": "https://appstoragezukeras.dfs.core.windows.net/",
            "primary_dfs_host": "appstoragezukeras.dfs.core.windows.net",
            "primary_file_endpoint": "https://appstoragezukeras.file.core.windows.net/",
            "primary_file_host": "appstoragezukeras.file.core.windows.net",
            "primary_location": "northeurope",
            "primary_queue_endpoint": "https://appstoragezukeras.queue.core.windows.net/",
            "primary_queue_host": "appstoragezukeras.queue.core.windows.net",
            "primary_table_endpoint": "https://appstoragezukeras.table.core.windows.net/",
            "primary_table_host": "appstoragezukeras.table.core.windows.net",
            "primary_web_endpoint": "https://appstoragezukeras.z16.web.core.windows.net/",
            "primary_web_host": "appstoragezukeras.z16.web.core.windows.net",
            "queue_encryption_key_type": "Service",
            "queue_properties": [
              {
                "cors_rule": [],
                "hour_metrics": [
                  {
                    "enabled": true,
                    "include_apis": true,
                    "retention_policy_days": 7,
                    "version": "1.0"
                  }
                ],
                "logging": [
                  {
                    "delete": false,
                    "read": false,
                    "retention_policy_days": 0,
                    "version": "1.0",
                    "write": false
                  }
                ],
                "minute_metrics": [
                  {
                    "enabled": false,
                    "include_apis": false,
                    "retention_policy_days": 0,
                    "version": "1.0"
                  }
                ]
              }
            ],
            "resource_group_name": "app-grp",
            "routing": [],
            "secondary_access_key": "8Gvu2NwOE6vvrdX4bfJQdh/ZB2BUx9r421x8IrxIChYOg5vutFeiMwo8GTL513lqwafYXVEI/iqU+AStyk0ihQ==",
            "secondary_blob_connection_string": "",
            "secondary_blob_endpoint": null,
            "secondary_blob_host": null,
            "secondary_connection_string": "DefaultEndpointsProtocol=https;AccountName=appstoragezukeras;AccountKey=8Gvu2NwOE6vvrdX4bfJQdh/ZB2BUx9r421x8IrxIChYOg5vutFeiMwo8GTL513lqwafYXVEI/iqU+AStyk0ihQ==;EndpointSuffix=core.windows.net",
            "secondary_dfs_endpoint": null,
            "secondary_dfs_host": null,
            "secondary_file_endpoint": null,
            "secondary_file_host": null,
            "secondary_location": "",
            "secondary_queue_endpoint": null,
            "secondary_queue_host": null,
            "secondary_table_endpoint": null,
            "secondary_table_host": null,
            "secondary_web_endpoint": null,
            "secondary_web_host": null,
            "share_properties": [
              {
                "cors_rule": [],
                "retention_policy": [
                  {
                    "days": 7
                  }
                ],
                "smb": []
              }
            ],
            "shared_access_key_enabled": true,
            "static_website": [],
            "table_encryption_key_type": "Service",
            "tags": null,
            "timeouts": null
          },
          "sensitive_attributes": [],
          "private": "eyJlMmJmYjczMC1lY2FhLTExZTYtOGY4OC0zNDM2M2JjN2M0YzAiOnsiY3JlYXRlIjozNjAwMDAwMDAwMDAwLCJkZWxldGUiOjM2MDAwMDAwMDAwMDAsInJlYWQiOjMwMDAwMDAwMDAwMCwidXBkYXRlIjozNjAwMDAwMDAwMDAwfSwic2NoZW1hX3ZlcnNpb24iOiIzIn0=",
          "dependencies": [
            "azurerm_resource_group.appgrp"
          ]
        }
      ]
    },
    {
      "mode": "managed",
      "type": "azurerm_storage_blob",
      "name": "upload",
      "provider": "provider[\"registry.terraform.io/hashicorp/azurerm\"]",
      "instances": [
        {
          "schema_version": 1,
          "attributes": {
            "access_tier": "Hot",
            "cache_control": "",
            "content_md5": "",
            "content_type": "application/octet-stream",
            "id": "https://appstoragezukeras.blob.core.windows.net/data/main.tf",
            "metadata": {},
            "name": "main.tf",
            "parallelism": 8,
            "size": 0,
            "source": "main.tf",
            "source_content": null,
            "source_uri": null,
            "storage_account_name": "appstoragezukeras",
            "storage_container_name": "data",
            "timeouts": null,
            "type": "Block",
            "url": "https://appstoragezukeras.blob.core.windows.net/data/main.tf"
          },
          "sensitive_attributes": [],
          "private": "eyJlMmJmYjczMC1lY2FhLTExZTYtOGY4OC0zNDM2M2JjN2M0YzAiOnsiY3JlYXRlIjoxODAwMDAwMDAwMDAwLCJkZWxldGUiOjE4MDAwMDAwMDAwMDAsInJlYWQiOjMwMDAwMDAwMDAwMCwidXBkYXRlIjoxODAwMDAwMDAwMDAwfSwic2NoZW1hX3ZlcnNpb24iOiIxIn0=",
          "dependencies": [
            "azurerm_resource_group.appgrp",
            "azurerm_storage_account.appstoragezukeras",
            "azurerm_storage_container.data"
          ]
        }
      ]
    },
    {
      "mode": "managed",
      "type": "azurerm_storage_container",
      "name": "data",
      "provider": "provider[\"registry.terraform.io/hashicorp/azurerm\"]",
      "instances": [
        {
          "schema_version": 1,
          "attributes": {
            "container_access_type": "blob",
            "has_immutability_policy": false,
            "has_legal_hold": false,
            "id": "https://appstoragezukeras.blob.core.windows.net/data",
            "metadata": {},
            "name": "data",
            "resource_manager_id": "/subscriptions/95aeef37-ead5-454b-bced-99ef36960eee/resourceGroups/app-grp/providers/Microsoft.Storage/storageAccounts/appstoragezukeras/blobServices/default/containers/data",
            "storage_account_name": "appstoragezukeras",
            "timeouts": null
          },
          "sensitive_attributes": [],
          "private": "eyJlMmJmYjczMC1lY2FhLTExZTYtOGY4OC0zNDM2M2JjN2M0YzAiOnsiY3JlYXRlIjoxODAwMDAwMDAwMDAwLCJkZWxldGUiOjE4MDAwMDAwMDAwMDAsInJlYWQiOjMwMDAwMDAwMDAwMCwidXBkYXRlIjoxODAwMDAwMDAwMDAwfSwic2NoZW1hX3ZlcnNpb24iOiIxIn0=",
          "dependencies": [
            "azurerm_resource_group.appgrp",
            "azurerm_storage_account.appstoragezukeras"
          ]
        }
      ]
    }
  ],
  "check_results": null
}
